
Microsoft Visual Studio Solution File, Format Version 12.00
# Visual Studio Version 17
VisualStudioVersion = 17.1.32210.238
MinimumVisualStudioVersion = 10.0.40219.1
Project("{FAE04EC0-301F-11D3-BF4B-00C04F79EFBC}") = "Parking_System", "Parking_System.csproj", "{12B2619D-7B75-4763-984F-E76F6E6B5255}"
EndProject
Global
	GlobalSection(SolutionConfigurationPlatforms) = preSolution
		Debug|Any CPU = Debug|Any CPU
		Release|Any CPU = Release|Any CPU
	EndGlobalSection
	GlobalSection(ProjectConfigurationPlatforms) = postSolution
		{12B2619D-7B75-4763-984F-E76F6E6B5255}.Debug|Any CPU.ActiveCfg = Debug|Any CPU
		{12B2619D-7B75-4763-984F-E76F6E6B5255}.Debug|Any CPU.Build.0 = Debug|Any CPU
		{12B2619D-7B75-4763-984F-E76F6E6B5255}.Release|Any CPU.ActiveCfg = Release|Any CPU
		{12B2619D-7B75-4763-984F-E76F6E6B5255}.Release|Any CPU.Build.0 = Release|Any CPU
	EndGlobalSection
	GlobalSection(SolutionProperties) = preSolution
		HideSolutionNode = FALSE
	EndGlobalSection
	GlobalSection(ExtensibilityGlobals) = postSolution
		SolutionGuid = {99C2DD66-91FA-473E-8F6A-3BAE84F37937}
	EndGlobalSection
EndGlobal
